
Microsoft Visual Studio Solution File, Format Version 12.00
# Visual Studio Version 17
VisualStudioVersion = 17.9.34616.47
MinimumVisualStudioVersion = 10.0.40219.1
Project("{9A19103F-16F7-4668-BE54-9A1E7A4F7556}") = "BooksyClone", "BooksyClone\BooksyClone.csproj", "{863C897B-86F7-463B-B8DC-849E06234929}"
EndProject
Project("{9A19103F-16F7-4668-BE54-9A1E7A4F7556}") = "BooksyClone.Domain", "BooksyClone.Domain\BooksyClone.Domain.csproj", "{BC15301E-8E6D-4E5C-BB7D-7C889205D0C5}"
EndProject
Project("{9A19103F-16F7-4668-BE54-9A1E7A4F7556}") = "BooksyClone.Tests", "BooksyClone.Tests\BooksyClone.Tests.csproj", "{08EA151F-810B-4632-8F44-60D63DE57CA7}"
EndProject
Project("{9A19103F-16F7-4668-BE54-9A1E7A4F7556}") = "BooksyClone.Contract", "BooksyClone.Contract\BooksyClone.Contract.csproj", "{AFAB6F38-67BF-4EAB-A459-0A3225323D05}"
EndProject
Project("{9A19103F-16F7-4668-BE54-9A1E7A4F7556}") = "BooksyClone.Infrastructure", "BooksyClone.Infrastructure\BooksyClone.Infrastructure.csproj", "{1A9B0C01-11BF-445F-B390-4C4AD1650332}"
EndProject
Project("{2150E333-8FDC-42A3-9474-1A3956D46DE8}") = "Solution Items", "Solution Items", "{139CA0CB-190E-419A-982F-1CAD151DD03D}"
	ProjectSection(SolutionItems) = preProject
		.editorconfig = .editorconfig
	EndProjectSection
EndProject
Global
	GlobalSection(SolutionConfigurationPlatforms) = preSolution
		Debug|Any CPU = Debug|Any CPU
		Release|Any CPU = Release|Any CPU
	EndGlobalSection
	GlobalSection(ProjectConfigurationPlatforms) = postSolution
		{863C897B-86F7-463B-B8DC-849E06234929}.Debug|Any CPU.ActiveCfg = Debug|Any CPU
		{863C897B-86F7-463B-B8DC-849E06234929}.Debug|Any CPU.Build.0 = Debug|Any CPU
		{863C897B-86F7-463B-B8DC-849E06234929}.Release|Any CPU.ActiveCfg = Release|Any CPU
		{863C897B-86F7-463B-B8DC-849E06234929}.Release|Any CPU.Build.0 = Release|Any CPU
		{BC15301E-8E6D-4E5C-BB7D-7C889205D0C5}.Debug|Any CPU.ActiveCfg = Debug|Any CPU
		{BC15301E-8E6D-4E5C-BB7D-7C889205D0C5}.Debug|Any CPU.Build.0 = Debug|Any CPU
		{BC15301E-8E6D-4E5C-BB7D-7C889205D0C5}.Release|Any CPU.ActiveCfg = Release|Any CPU
		{BC15301E-8E6D-4E5C-BB7D-7C889205D0C5}.Release|Any CPU.Build.0 = Release|Any CPU
		{08EA151F-810B-4632-8F44-60D63DE57CA7}.Debug|Any CPU.ActiveCfg = Debug|Any CPU
		{08EA151F-810B-4632-8F44-60D63DE57CA7}.Debug|Any CPU.Build.0 = Debug|Any CPU
		{08EA151F-810B-4632-8F44-60D63DE57CA7}.Release|Any CPU.ActiveCfg = Release|Any CPU
		{08EA151F-810B-4632-8F44-60D63DE57CA7}.Release|Any CPU.Build.0 = Release|Any CPU
		{AFAB6F38-67BF-4EAB-A459-0A3225323D05}.Debug|Any CPU.ActiveCfg = Debug|Any CPU
		{AFAB6F38-67BF-4EAB-A459-0A3225323D05}.Debug|Any CPU.Build.0 = Debug|Any CPU
		{AFAB6F38-67BF-4EAB-A459-0A3225323D05}.Release|Any CPU.ActiveCfg = Release|Any CPU
		{AFAB6F38-67BF-4EAB-A459-0A3225323D05}.Release|Any CPU.Build.0 = Release|Any CPU
		{1A9B0C01-11BF-445F-B390-4C4AD1650332}.Debug|Any CPU.ActiveCfg = Debug|Any CPU
		{1A9B0C01-11BF-445F-B390-4C4AD1650332}.Debug|Any CPU.Build.0 = Debug|Any CPU
		{1A9B0C01-11BF-445F-B390-4C4AD1650332}.Release|Any CPU.ActiveCfg = Release|Any CPU
		{1A9B0C01-11BF-445F-B390-4C4AD1650332}.Release|Any CPU.Build.0 = Release|Any CPU
	EndGlobalSection
	GlobalSection(SolutionProperties) = preSolution
		HideSolutionNode = FALSE
	EndGlobalSection
	GlobalSection(ExtensibilityGlobals) = postSolution
		SolutionGuid = {C8544875-626D-42B6-BC16-E9CF218D1C70}
	EndGlobalSection
EndGlobal
